schema: '2.0'
stages:
  ingest:
    cmd: python src/data/0ingest.py
    deps:
    - path: src/data/0ingest.py
      hash: md5
      md5: e5a661d6f5c5064ba2126f3e9ae5843b
      size: 4041
    outs:
    - path: src/data/raw
      hash: md5
      md5: 543d5e5147f1c29810eea71a6d5ecf9d.dir
      size: 114935035
      nfiles: 4
  extract:
    cmd: python src/data/1extract_all_itbi.py
    deps:
    - path: src/data/1extract_all_itbi.py
      hash: md5
      md5: 4310f4fe692ba30d184e6e914e98c83c
      size: 4676
    - path: src/data/raw
      hash: md5
      md5: 543d5e5147f1c29810eea71a6d5ecf9d.dir
      size: 114935035
      nfiles: 4
    outs:
    - path: data/interim/itbi_2023_2025_raw.csv
      hash: md5
      md5: 5a633d595688be08e6dd3ad0c6a58fc6
      size: 210204826
  clean:
    cmd: python src/data/2clean_all.py
    deps:
    - path: data/interim/itbi_2023_2025_raw.csv
      hash: md5
      md5: 5a633d595688be08e6dd3ad0c6a58fc6
      size: 210204826
    - path: params.yaml
      hash: md5
      md5: 4ab32a7a87394d8b7b180c94d8a5709f
      size: 628
    - path: src/config.py
      hash: md5
      md5: 7d60a8cd8766e5c3bdcf71c89f86d689
      size: 2985
    - path: src/data/2clean_all.py
      hash: md5
      md5: f492a752cbc58e051c7f6e2747af3aa8
      size: 9196
    params:
      params.yaml:
        data_quality:
          min_rows: 100000
          min_terrain_rows: 1000
          max_required_null_rate:
            data_de_transacao: 0.01
            cep: 0.01
            descricao_do_uso_iptu: 0.0
            area_do_terreno_m2: 0.01
            valor_venal_de_referencia: 0.01
          max_non_positive_target_rows: 0
    outs:
    - path: data/processed/itbi_clean.csv
      hash: md5
      md5: d4d99efdb19fc57b241996c29a38e4a6
      size: 203950609
    - path: data/processed/itbi_clean_profile.json
      hash: md5
      md5: e4c9cce2b96c011aeaa181abd4894727
      size: 9951
  features:
    cmd: python src/features/build_features_minimal.py
    deps:
    - path: data/processed/itbi_clean.csv
      hash: md5
      md5: d4d99efdb19fc57b241996c29a38e4a6
      size: 203950609
    - path: params.yaml
      hash: md5
      md5: 4ab32a7a87394d8b7b180c94d8a5709f
      size: 628
    - path: src/config.py
      hash: md5
      md5: 7d60a8cd8766e5c3bdcf71c89f86d689
      size: 2985
    - path: src/features/build_features_minimal.py
      hash: md5
      md5: fa0287f98eb8c9bb15c6a5240bfa6432
      size: 6937
    params:
      params.yaml:
        feature_quality:
          min_rows: 1000
          min_unique_bairros: 20
          min_unique_periods: 6
          area_min: 1
          area_max: 50000
          forbidden_columns:
          - valor_m2
          - media_valor_cep
    outs:
    - path: data/metrics/feature_contract.json
      hash: md5
      md5: dcbc61412d4d8ed2827e63684bd7885f
      size: 935
    - path: data/processed/itbi_features_minimal.csv
      hash: md5
      md5: 32bd45c125a4907c9ffd8cf9109dba1c
      size: 3772516
  train:
    cmd: python src/training/train_mlflow.py
    deps:
    - path: data/processed/itbi_features_minimal.csv
      hash: md5
      md5: 32bd45c125a4907c9ffd8cf9109dba1c
      size: 3772516
    - path: params.yaml
      hash: md5
      md5: 4ab32a7a87394d8b7b180c94d8a5709f
      size: 628
    - path: src/config.py
      hash: md5
      md5: 7d60a8cd8766e5c3bdcf71c89f86d689
      size: 2985
    - path: src/training/evaluation.py
      hash: md5
      md5: f3bf925db7fb2bdea8e0df8711ec0446
      size: 2568
    - path: src/training/splits.py
      hash: md5
      md5: ace76c1784d21dcf9d6951feb429dec0
      size: 1872
    - path: src/training/train_mlflow.py
      hash: md5
      md5: 518b2034e91fc61f5664e8f211d724e0
      size: 9813
    params:
      params.yaml:
        model:
          target_column: valor_venal_de_referencia
          test_size: 0.2
          random_state: 42
          n_estimators: 200
          split_strategy: temporal_holdout
          min_group_size_for_segments: 30
          backtest_windows: 3
    outs:
    - path: data/metrics/train_metrics.json
      hash: md5
      md5: ec7fa3e4fbd0f3b4f693f80a06c1aee2
      size: 7254
    - path: models/dev
      hash: md5
      md5: 5694d50415ee99e9678b2effcd1867b5.dir
      size: 66785534
      nfiles: 6
  validate:
    cmd: python src/training/validate_model.py --env dev
    deps:
    - path: data/processed/itbi_features_minimal.csv
      hash: md5
      md5: 32bd45c125a4907c9ffd8cf9109dba1c
      size: 3772516
    - path: models/dev
      hash: md5
      md5: 5694d50415ee99e9678b2effcd1867b5.dir
      size: 66785534
      nfiles: 6
    - path: params.yaml
      hash: md5
      md5: 4ab32a7a87394d8b7b180c94d8a5709f
      size: 628
    - path: src/config.py
      hash: md5
      md5: 7d60a8cd8766e5c3bdcf71c89f86d689
      size: 2985
    - path: src/training/evaluation.py
      hash: md5
      md5: f3bf925db7fb2bdea8e0df8711ec0446
      size: 2568
    - path: src/training/splits.py
      hash: md5
      md5: ace76c1784d21dcf9d6951feb429dec0
      size: 1872
    - path: src/training/validate_model.py
      hash: md5
      md5: f497e63fcd5262da53d44a8901514821
      size: 4970
    params:
      params.yaml:
        model:
          target_column: valor_venal_de_referencia
          test_size: 0.2
          random_state: 42
          n_estimators: 200
          split_strategy: temporal_holdout
          min_group_size_for_segments: 30
          backtest_windows: 3
    outs:
    - path: data/metrics/validation_dev.json
      hash: md5
      md5: 00f77382c65936f51f89073b21f3a713
      size: 4961
  eda:
    cmd: python src/features/modelagem/eda_valor_m2_bairro.py --input 
      data/processed/itbi_features_minimal.csv
    deps:
    - path: data/processed/itbi_features_minimal.csv
      hash: md5
      md5: 32bd45c125a4907c9ffd8cf9109dba1c
      size: 3772516
    - path: params.yaml
      hash: md5
      md5: 4ab32a7a87394d8b7b180c94d8a5709f
      size: 628
    - path: src/config.py
      hash: md5
      md5: 7d60a8cd8766e5c3bdcf71c89f86d689
      size: 2985
    - path: src/features/modelagem/eda_valor_m2_bairro.py
      hash: md5
      md5: 20bfbf4a7403ad64d908e1499e51eb6d
      size: 15015
    outs:
    - path: src/data/eda/features_modelagem
      hash: md5
      md5: bf84d66d89a449d3e13fd468e88cf3c2.dir
      size: 603722
      nfiles: 10
  repro_check:
    cmd: python scripts/check_reproducibility.py
    deps:
    - path: .env.example
      hash: md5
      md5: 602f9a158c8d3ded6c7c5496b270a44f
      size: 177
    - path: .gitignore
      hash: md5
      md5: 5904e581e2ca8e12166a72b4927139c4
      size: 492
    - path: Dockerfile
      hash: md5
      md5: e5f9a765292ff6fb33cf82513d15a150
      size: 360
    - path: README.md
      hash: md5
      md5: 91d43d6fc2fb384e59e99e8579faf6bb
      size: 6112
    - path: docker-compose.yml
      hash: md5
      md5: 299379a01571a2d990c5829337f8fe77
      size: 1728
    - path: params.yaml
      hash: md5
      md5: 4ab32a7a87394d8b7b180c94d8a5709f
      size: 628
    - path: pyproject.toml
      hash: md5
      md5: 8b3459ba8233f60d1806cf4101773311
      size: 1206
    - path: scripts/check_reproducibility.py
      hash: md5
      md5: 56c1843734e9c2ac828276d5a7915f8d
      size: 5387
    - path: src/config.py
      hash: md5
      md5: 7d60a8cd8766e5c3bdcf71c89f86d689
      size: 2985
    - path: src/data/0ingest.py
      hash: md5
      md5: e5a661d6f5c5064ba2126f3e9ae5843b
      size: 4041
    - path: src/data/1extract_all_itbi.py
      hash: md5
      md5: 4310f4fe692ba30d184e6e914e98c83c
      size: 4676
    - path: src/data/2clean_all.py
      hash: md5
      md5: f492a752cbc58e051c7f6e2747af3aa8
      size: 9196
    - path: src/data/README.md
      hash: md5
      md5: a6b2142abf194d741393dec9cc605e0a
      size: 2272
    - path: src/features/build_features_minimal.py
      hash: md5
      md5: fa0287f98eb8c9bb15c6a5240bfa6432
      size: 6937
    - path: src/training/evaluation.py
      hash: md5
      md5: f3bf925db7fb2bdea8e0df8711ec0446
      size: 2568
    - path: src/training/splits.py
      hash: md5
      md5: ace76c1784d21dcf9d6951feb429dec0
      size: 1872
    - path: src/training/train_mlflow.py
      hash: md5
      md5: 518b2034e91fc61f5664e8f211d724e0
      size: 9813
    - path: src/training/validate_model.py
      hash: md5
      md5: f497e63fcd5262da53d44a8901514821
      size: 4970
    outs:
    - path: data/metrics/reproducibility_report.json
      hash: md5
      md5: 24d1706ac770490410d5edfd10ba6596
      size: 2812
